<Solution>
  <Project Path="CSharp_Fundamentals_Part1_Tasks(1)/CSharp_Fundamentals_Part1_Tasks(1).csproj" />
  <Project Path="CSharp_Fundamentals_part2_Tasks(2)/CSharp_Fundamentals_part2_Tasks(2).csproj" Id="27c173a3-2925-4911-bf50-fd03d7d69024" />
  <Project Path="CSharp_Fundamentals_part3_Tasks(3)/CSharp_Fundamentals_part3_Tasks(3).csproj" Id="3dd17977-67cd-4ade-bec9-545f1953d377" />
  <Project Path="CSharp_Fundamentals_part4_Tasks(4)/CSharp_Fundamentals_part4_Tasks(4).csproj" Id="506451bc-9604-4018-94c4-fc71dd9a61f3" />
  <Project Path="CSharp_Fundamentals_part4_Tasks(5)/CSharp_Fundamentals_part5_Tasks(5).csproj" Id="1b8cd225-d19a-4fd2-be35-98ab9cd2d40f" />
</Solution>
